
Microsoft Visual Studio Solution File, Format Version 12.00
# Visual Studio Version 16
VisualStudioVersion = 16.0.32602.290
MinimumVisualStudioVersion = 10.0.40219.1
Project("{FAE04EC0-301F-11D3-BF4B-00C04F79EFBC}") = "Actividades UT2-Ejercicio1", "Actividades UT2-Ejercicio1\Actividades UT2-Ejercicio1.csproj", "{6C881105-0E70-4D7B-9574-04635F010623}"
EndProject
Global
	GlobalSection(SolutionConfigurationPlatforms) = preSolution
		Debug|Any CPU = Debug|Any CPU
		Release|Any CPU = Release|Any CPU
	EndGlobalSection
	GlobalSection(ProjectConfigurationPlatforms) = postSolution
		{6C881105-0E70-4D7B-9574-04635F010623}.Debug|Any CPU.ActiveCfg = Debug|Any CPU
		{6C881105-0E70-4D7B-9574-04635F010623}.Debug|Any CPU.Build.0 = Debug|Any CPU
		{6C881105-0E70-4D7B-9574-04635F010623}.Release|Any CPU.ActiveCfg = Release|Any CPU
		{6C881105-0E70-4D7B-9574-04635F010623}.Release|Any CPU.Build.0 = Release|Any CPU
	EndGlobalSection
	GlobalSection(SolutionProperties) = preSolution
		HideSolutionNode = FALSE
	EndGlobalSection
	GlobalSection(ExtensibilityGlobals) = postSolution
		SolutionGuid = {A9082223-3486-419D-98B4-ABBB8317B030}
	EndGlobalSection
EndGlobal
